[[package]]
name = "pygame"
version = "2.1.2"
description = "Python Game Development"
category = "main"
optional = false
python-versions = ">=3.6"

[[package]]
name = "pygame-menu"
version = "4.2.8"
description = "A menu for pygame. Simple, and easy to use"
category = "main"
optional = false
python-versions = ">=3.6, <4"

[package.dependencies]
pygame = ">=1.9.3"
pyperclip = "*"
typing-extensions = "*"

[package.extras]
docs = ["pygame (>=1.9.3)", "pyperclip", "typing-extensions", "sphinx", "sphinx-autodoc-typehints (>=1.2.0)", "sphinx-rtd-theme"]
test = ["pygame (>=1.9.3)", "pyperclip", "typing-extensions", "codecov", "nose"]

[[package]]
name = "pyperclip"
version = "1.8.2"
description = "A cross-platform clipboard module for Python. (Only handles plain text for now.)"
category = "main"
optional = false
python-versions = "*"

[[package]]
name = "typing-extensions"
version = "4.4.0"
description = "Backported and Experimental Type Hints for Python 3.7+"
category = "main"
optional = false
python-versions = ">=3.7"

[metadata]
lock-version = "1.1"
python-versions = "^3.8"
content-hash = "81a9501497bd2abdd71c648c8ec41096f98d570486a65b0a9a7d968e10f4b8fe"

[metadata.files]
pygame = []
pygame-menu = []
pyperclip = []
typing-extensions = []
